
Microsoft Visual Studio Solution File, Format Version 12.00
# Visual Studio 15
VisualStudioVersion = 15.0.28010.2016
MinimumVisualStudioVersion = 10.0.40219.1
Project("{FAE04EC0-301F-11D3-BF4B-00C04F79EFBC}") = "ProductsApp", "ProductsApp\ProductsApp.csproj", "{2502F475-4119-48B1-8577-8945FC0A2E01}"
EndProject
Global
	GlobalSection(SolutionConfigurationPlatforms) = preSolution
		Debug|Any CPU = Debug|Any CPU
		Release|Any CPU = Release|Any CPU
	EndGlobalSection
	GlobalSection(ProjectConfigurationPlatforms) = postSolution
		{2502F475-4119-48B1-8577-8945FC0A2E01}.Debug|Any CPU.ActiveCfg = Debug|Any CPU
		{2502F475-4119-48B1-8577-8945FC0A2E01}.Debug|Any CPU.Build.0 = Debug|Any CPU
		{2502F475-4119-48B1-8577-8945FC0A2E01}.Release|Any CPU.ActiveCfg = Release|Any CPU
		{2502F475-4119-48B1-8577-8945FC0A2E01}.Release|Any CPU.Build.0 = Release|Any CPU
	EndGlobalSection
	GlobalSection(SolutionProperties) = preSolution
		HideSolutionNode = FALSE
	EndGlobalSection
	GlobalSection(ExtensibilityGlobals) = postSolution
		SolutionGuid = {A8DB2B35-ACEE-49A9-82FF-6358A95E6625}
	EndGlobalSection
EndGlobal
