
Microsoft Visual Studio Solution File, Format Version 12.00
# Visual Studio 15
VisualStudioVersion = 15.0.28010.2016
MinimumVisualStudioVersion = 10.0.40219.1
Project("{FAE04EC0-301F-11D3-BF4B-00C04F79EFBC}") = "MVCSimpleApp", "MVCSimpleApp\MVCSimpleApp.csproj", "{325934BE-6DEF-4CE0-9384-A6B343DEC35C}"
EndProject
Global
	GlobalSection(SolutionConfigurationPlatforms) = preSolution
		Debug|Any CPU = Debug|Any CPU
		Release|Any CPU = Release|Any CPU
	EndGlobalSection
	GlobalSection(ProjectConfigurationPlatforms) = postSolution
		{325934BE-6DEF-4CE0-9384-A6B343DEC35C}.Debug|Any CPU.ActiveCfg = Debug|Any CPU
		{325934BE-6DEF-4CE0-9384-A6B343DEC35C}.Debug|Any CPU.Build.0 = Debug|Any CPU
		{325934BE-6DEF-4CE0-9384-A6B343DEC35C}.Release|Any CPU.ActiveCfg = Release|Any CPU
		{325934BE-6DEF-4CE0-9384-A6B343DEC35C}.Release|Any CPU.Build.0 = Release|Any CPU
	EndGlobalSection
	GlobalSection(SolutionProperties) = preSolution
		HideSolutionNode = FALSE
	EndGlobalSection
	GlobalSection(ExtensibilityGlobals) = postSolution
		SolutionGuid = {718E56CA-4F46-46E4-99BE-391018F5E010}
	EndGlobalSection
EndGlobal
